{
  "name": "ghostxx-sprachsteuerung",
  "version": "0.1.0",
  "lockfileVersion": 3,
  "requires": true,
  "packages": {
    "": {
      "name": "ghostxx-sprachsteuerung",
      "version": "0.1.0",
      "dependencies": {
        "@picovoice/porcupine-node": "^3.0.0",
        "@picovoice/pvrecorder-node": "^1.2.0",
        "dotenv": "^17.4.2"
      }
    },
    "node_modules/@picovoice/porcupine-node": {
      "version": "3.0.6",
      "resolved": "https://registry.npmjs.org/@picovoice/porcupine-node/-/porcupine-node-3.0.6.tgz",
      "integrity": "sha512-vYlY0Hf9ovRB+Z9yyLReiVYZkLsm/kVPgDWTu2dgtqAooednohljfxSRzJUojapp8BFd7aW8P3H/4sm1zy49lw==",
      "cpu": [
        "!ia32",
        "!mips",
        "!ppc",
        "!ppc64"
      ],
      "license": "Apache-2.0",
      "engines": {
        "node": ">=18.0.0"
      }
    },
    "node_modules/@picovoice/pvrecorder-node": {
      "version": "1.2.9",
      "resolved": "https://registry.npmjs.org/@picovoice/pvrecorder-node/-/pvrecorder-node-1.2.9.tgz",
      "integrity": "sha512-e398ue4G8YihrnnyTpnVePvOiBEM5+R4D+ChoyyeC8J8KFBMuhGrZwrdmpIPqDqCjCA+YqO2mFaicHstVhEpcg==",
      "license": "Apache-2.0",
      "engines": {
        "node": ">=18.0.0"
      }
    },
    "node_modules/dotenv": {
      "version": "17.4.2",
      "resolved": "https://registry.npmjs.org/dotenv/-/dotenv-17.4.2.tgz",
      "integrity": "sha512-nI4U3TottKAcAD9LLud4Cb7b2QztQMUEfHbvhTH09bqXTxnSie8WnjPALV/WMCrJZ6UV/qHJ6L03OqO3LcdYZw==",
      "license": "BSD-2-Clause",
      "engines": {
        "node": ">=12"
      },
      "funding": {
        "url": "https://dotenvx.com"
      }
    }
  }
}
